
Microsoft Visual Studio Solution File, Format Version 12.00
# Visual Studio Version 17
VisualStudioVersion = 17.1.32319.34
MinimumVisualStudioVersion = 10.0.40219.1
Project("{9A19103F-16F7-4668-BE54-9A1E7A4F7556}") = "Sutom.Solver", "Sutom.Solver\Sutom.Solver.csproj", "{DBCF6FC1-D9CA-4ACA-B3E2-4E58BF81F794}"
EndProject
Project("{9A19103F-16F7-4668-BE54-9A1E7A4F7556}") = "Sutom.Solver.Console", "Sutom.Solver.Console\Sutom.Solver.Console.csproj", "{A9F516EE-0738-4140-9A67-12C8CB262623}"
EndProject
Project("{FAE04EC0-301F-11D3-BF4B-00C04F79EFBC}") = "Sutom.Game", "Sutom.Game\Sutom.Game.csproj", "{84665597-46FE-4C9B-8819-482E67672F8F}"
EndProject
Project("{FAE04EC0-301F-11D3-BF4B-00C04F79EFBC}") = "Sutom.Share", "Sutom.Share\Sutom.Share.csproj", "{3362EA93-821C-435A-BAFD-8D097F43AAC5}"
EndProject
Project("{FAE04EC0-301F-11D3-BF4B-00C04F79EFBC}") = "Sutom.Game.Console", "Sutom.Game.Console\Sutom.Game.Console.csproj", "{9D895DB8-C98C-40BB-8932-46060C1E81EE}"
EndProject
Global
	GlobalSection(SolutionConfigurationPlatforms) = preSolution
		Debug|Any CPU = Debug|Any CPU
		Release|Any CPU = Release|Any CPU
	EndGlobalSection
	GlobalSection(ProjectConfigurationPlatforms) = postSolution
		{DBCF6FC1-D9CA-4ACA-B3E2-4E58BF81F794}.Debug|Any CPU.ActiveCfg = Debug|Any CPU
		{DBCF6FC1-D9CA-4ACA-B3E2-4E58BF81F794}.Debug|Any CPU.Build.0 = Debug|Any CPU
		{DBCF6FC1-D9CA-4ACA-B3E2-4E58BF81F794}.Release|Any CPU.ActiveCfg = Release|Any CPU
		{DBCF6FC1-D9CA-4ACA-B3E2-4E58BF81F794}.Release|Any CPU.Build.0 = Release|Any CPU
		{A9F516EE-0738-4140-9A67-12C8CB262623}.Debug|Any CPU.ActiveCfg = Debug|Any CPU
		{A9F516EE-0738-4140-9A67-12C8CB262623}.Debug|Any CPU.Build.0 = Debug|Any CPU
		{A9F516EE-0738-4140-9A67-12C8CB262623}.Release|Any CPU.ActiveCfg = Release|Any CPU
		{A9F516EE-0738-4140-9A67-12C8CB262623}.Release|Any CPU.Build.0 = Release|Any CPU
		{84665597-46FE-4C9B-8819-482E67672F8F}.Debug|Any CPU.ActiveCfg = Debug|Any CPU
		{84665597-46FE-4C9B-8819-482E67672F8F}.Debug|Any CPU.Build.0 = Debug|Any CPU
		{84665597-46FE-4C9B-8819-482E67672F8F}.Release|Any CPU.ActiveCfg = Release|Any CPU
		{84665597-46FE-4C9B-8819-482E67672F8F}.Release|Any CPU.Build.0 = Release|Any CPU
		{3362EA93-821C-435A-BAFD-8D097F43AAC5}.Debug|Any CPU.ActiveCfg = Debug|Any CPU
		{3362EA93-821C-435A-BAFD-8D097F43AAC5}.Debug|Any CPU.Build.0 = Debug|Any CPU
		{3362EA93-821C-435A-BAFD-8D097F43AAC5}.Release|Any CPU.ActiveCfg = Release|Any CPU
		{3362EA93-821C-435A-BAFD-8D097F43AAC5}.Release|Any CPU.Build.0 = Release|Any CPU
		{9D895DB8-C98C-40BB-8932-46060C1E81EE}.Debug|Any CPU.ActiveCfg = Debug|Any CPU
		{9D895DB8-C98C-40BB-8932-46060C1E81EE}.Debug|Any CPU.Build.0 = Debug|Any CPU
		{9D895DB8-C98C-40BB-8932-46060C1E81EE}.Release|Any CPU.ActiveCfg = Release|Any CPU
		{9D895DB8-C98C-40BB-8932-46060C1E81EE}.Release|Any CPU.Build.0 = Release|Any CPU
	EndGlobalSection
	GlobalSection(SolutionProperties) = preSolution
		HideSolutionNode = FALSE
	EndGlobalSection
	GlobalSection(ExtensibilityGlobals) = postSolution
		SolutionGuid = {112B9E1B-6CEB-4356-8C1E-A49643732BF8}
	EndGlobalSection
EndGlobal
